
Microsoft Visual Studio Solution File, Format Version 12.00
# Visual Studio Version 17
VisualStudioVersion = 17.5.33424.131
MinimumVisualStudioVersion = 10.0.40219.1
Project("{FAE04EC0-301F-11D3-BF4B-00C04F79EFBC}") = "StaticAnalyzatorForCSharp", "StaticAnalyzatorForCSharp\StaticAnalyzatorForCSharp.csproj", "{7C7BDF90-A4A2-45C1-A29E-A97EC0399110}"
EndProject
Global
	GlobalSection(SolutionConfigurationPlatforms) = preSolution
		Debug|Any CPU = Debug|Any CPU
		Release|Any CPU = Release|Any CPU
	EndGlobalSection
	GlobalSection(ProjectConfigurationPlatforms) = postSolution
		{7C7BDF90-A4A2-45C1-A29E-A97EC0399110}.Debug|Any CPU.ActiveCfg = Debug|Any CPU
		{7C7BDF90-A4A2-45C1-A29E-A97EC0399110}.Debug|Any CPU.Build.0 = Debug|Any CPU
		{7C7BDF90-A4A2-45C1-A29E-A97EC0399110}.Release|Any CPU.ActiveCfg = Release|Any CPU
		{7C7BDF90-A4A2-45C1-A29E-A97EC0399110}.Release|Any CPU.Build.0 = Release|Any CPU
	EndGlobalSection
	GlobalSection(SolutionProperties) = preSolution
		HideSolutionNode = FALSE
	EndGlobalSection
	GlobalSection(ExtensibilityGlobals) = postSolution
		SolutionGuid = {106DB8CD-E9DF-42C5-93DB-8EA225616B31}
	EndGlobalSection
EndGlobal
