
Microsoft Visual Studio Solution File, Format Version 12.00
# Visual Studio Version 17
VisualStudioVersion = 17.5.33516.290
MinimumVisualStudioVersion = 10.0.40219.1
Project("{FAE04EC0-301F-11D3-BF4B-00C04F79EFBC}") = "ConsoleApp1", "ConsoleApp1\ConsoleApp1.csproj", "{889FE7C6-B1BE-460F-A2A8-2AA1B515CDBF}"
EndProject
Global
	GlobalSection(SolutionConfigurationPlatforms) = preSolution
		Debug|Any CPU = Debug|Any CPU
		Release|Any CPU = Release|Any CPU
	EndGlobalSection
	GlobalSection(ProjectConfigurationPlatforms) = postSolution
		{889FE7C6-B1BE-460F-A2A8-2AA1B515CDBF}.Debug|Any CPU.ActiveCfg = Debug|Any CPU
		{889FE7C6-B1BE-460F-A2A8-2AA1B515CDBF}.Debug|Any CPU.Build.0 = Debug|Any CPU
		{889FE7C6-B1BE-460F-A2A8-2AA1B515CDBF}.Release|Any CPU.ActiveCfg = Release|Any CPU
		{889FE7C6-B1BE-460F-A2A8-2AA1B515CDBF}.Release|Any CPU.Build.0 = Release|Any CPU
	EndGlobalSection
	GlobalSection(SolutionProperties) = preSolution
		HideSolutionNode = FALSE
	EndGlobalSection
	GlobalSection(ExtensibilityGlobals) = postSolution
		SolutionGuid = {B6D36CC6-92C7-49BC-8649-0E029F9AA1D6}
	EndGlobalSection
EndGlobal
